packages:
  - name: dbt_utils
    package: dbt-labs/dbt_utils
    version: 1.3.0
  - name: dbt_expectations
    package: metaplane/dbt_expectations
    version: 0.10.9
  - name: dbt_snow_mask
    package: entechlog/dbt_snow_mask
    version: 0.2.7
  - name: dbt_external_tables
    package: dbt-labs/dbt_external_tables
    version: 0.11.1
  - name: dbt_date
    package: godatadriven/dbt_date
    version: 0.16.1
sha1_hash: 884f94a4d56672418aea91b83c4febaa13e37b8b
